
Microsoft Visual Studio Solution File, Format Version 12.00
# Visual Studio Version 17
VisualStudioVersion = 17.7.34031.279
MinimumVisualStudioVersion = 10.0.40219.1
Project("{FAE04EC0-301F-11D3-BF4B-00C04F79EFBC}") = "Vegist", "Vegist\Vegist.csproj", "{C49346AB-C80A-4F9B-9C9B-99AA8B84595F}"
EndProject
Global
	GlobalSection(SolutionConfigurationPlatforms) = preSolution
		Debug|Any CPU = Debug|Any CPU
		Release|Any CPU = Release|Any CPU
	EndGlobalSection
	GlobalSection(ProjectConfigurationPlatforms) = postSolution
		{C49346AB-C80A-4F9B-9C9B-99AA8B84595F}.Debug|Any CPU.ActiveCfg = Debug|Any CPU
		{C49346AB-C80A-4F9B-9C9B-99AA8B84595F}.Debug|Any CPU.Build.0 = Debug|Any CPU
		{C49346AB-C80A-4F9B-9C9B-99AA8B84595F}.Release|Any CPU.ActiveCfg = Release|Any CPU
		{C49346AB-C80A-4F9B-9C9B-99AA8B84595F}.Release|Any CPU.Build.0 = Release|Any CPU
	EndGlobalSection
	GlobalSection(SolutionProperties) = preSolution
		HideSolutionNode = FALSE
	EndGlobalSection
	GlobalSection(ExtensibilityGlobals) = postSolution
		SolutionGuid = {82AE72F2-CED7-4663-87EF-8EE96152902A}
	EndGlobalSection
EndGlobal
